
Microsoft Visual Studio Solution File, Format Version 12.00
# Visual Studio Version 16
VisualStudioVersion = 16.0.29920.165
MinimumVisualStudioVersion = 10.0.40219.1
Project("{9A19103F-16F7-4668-BE54-9A1E7A4F7556}") = "LoginApp", "LoginApp.csproj", "{166D8590-86BC-4B49-9044-9EAF59FEDC75}"
EndProject
Project("{FAE04EC0-301F-11D3-BF4B-00C04F79EFBC}") = "LoginAppUnitTest", "..\LoginAppUnitTest\LoginAppUnitTest.csproj", "{0C90FE78-5379-46BB-B880-404C25306A51}"
EndProject
Global
	GlobalSection(SolutionConfigurationPlatforms) = preSolution
		Debug|Any CPU = Debug|Any CPU
		Release|Any CPU = Release|Any CPU
	EndGlobalSection
	GlobalSection(ProjectConfigurationPlatforms) = postSolution
		{166D8590-86BC-4B49-9044-9EAF59FEDC75}.Debug|Any CPU.ActiveCfg = Debug|Any CPU
		{166D8590-86BC-4B49-9044-9EAF59FEDC75}.Debug|Any CPU.Build.0 = Debug|Any CPU
		{166D8590-86BC-4B49-9044-9EAF59FEDC75}.Release|Any CPU.ActiveCfg = Release|Any CPU
		{166D8590-86BC-4B49-9044-9EAF59FEDC75}.Release|Any CPU.Build.0 = Release|Any CPU
		{0C90FE78-5379-46BB-B880-404C25306A51}.Debug|Any CPU.ActiveCfg = Debug|Any CPU
		{0C90FE78-5379-46BB-B880-404C25306A51}.Debug|Any CPU.Build.0 = Debug|Any CPU
		{0C90FE78-5379-46BB-B880-404C25306A51}.Release|Any CPU.ActiveCfg = Release|Any CPU
		{0C90FE78-5379-46BB-B880-404C25306A51}.Release|Any CPU.Build.0 = Release|Any CPU
	EndGlobalSection
	GlobalSection(SolutionProperties) = preSolution
		HideSolutionNode = FALSE
	EndGlobalSection
	GlobalSection(ExtensibilityGlobals) = postSolution
		SolutionGuid = {E308C320-322C-47F3-BF1E-4B87E1EA9D62}
	EndGlobalSection
EndGlobal
